
Microsoft Visual Studio Solution File, Format Version 12.00
# Visual Studio Version 17
VisualStudioVersion = 17.8.34309.116
MinimumVisualStudioVersion = 10.0.40219.1
Project("{FAE04EC0-301F-11D3-BF4B-00C04F79EFBC}") = "Bussines", "Bussines\Bussines.csproj", "{5727A504-539D-4DF0-969B-7CAA1C5415E0}"
EndProject
Project("{FAE04EC0-301F-11D3-BF4B-00C04F79EFBC}") = "DataAccess", "DataAccess\DataAccess.csproj", "{A1061410-E0AF-40D9-BF94-43FF2DF18CAB}"
EndProject
Project("{FAE04EC0-301F-11D3-BF4B-00C04F79EFBC}") = "Entities", "Entities\Entities.csproj", "{893A0733-C70F-494F-B8A5-6AD749F3D39A}"
EndProject
Project("{FAE04EC0-301F-11D3-BF4B-00C04F79EFBC}") = "WebUI", "WebUI\WebUI.csproj", "{8BDCA655-E0BC-4F1E-9C96-E50DB5BD0DF5}"
EndProject
Project("{FAE04EC0-301F-11D3-BF4B-00C04F79EFBC}") = "Core", "Core\Core.csproj", "{7E79A7EA-90F0-49D1-92AD-5F4AA8E1586F}"
EndProject
Global
	GlobalSection(SolutionConfigurationPlatforms) = preSolution
		Debug|Any CPU = Debug|Any CPU
		Release|Any CPU = Release|Any CPU
	EndGlobalSection
	GlobalSection(ProjectConfigurationPlatforms) = postSolution
		{5727A504-539D-4DF0-969B-7CAA1C5415E0}.Debug|Any CPU.ActiveCfg = Debug|Any CPU
		{5727A504-539D-4DF0-969B-7CAA1C5415E0}.Debug|Any CPU.Build.0 = Debug|Any CPU
		{5727A504-539D-4DF0-969B-7CAA1C5415E0}.Release|Any CPU.ActiveCfg = Release|Any CPU
		{5727A504-539D-4DF0-969B-7CAA1C5415E0}.Release|Any CPU.Build.0 = Release|Any CPU
		{A1061410-E0AF-40D9-BF94-43FF2DF18CAB}.Debug|Any CPU.ActiveCfg = Debug|Any CPU
		{A1061410-E0AF-40D9-BF94-43FF2DF18CAB}.Debug|Any CPU.Build.0 = Debug|Any CPU
		{A1061410-E0AF-40D9-BF94-43FF2DF18CAB}.Release|Any CPU.ActiveCfg = Release|Any CPU
		{A1061410-E0AF-40D9-BF94-43FF2DF18CAB}.Release|Any CPU.Build.0 = Release|Any CPU
		{893A0733-C70F-494F-B8A5-6AD749F3D39A}.Debug|Any CPU.ActiveCfg = Debug|Any CPU
		{893A0733-C70F-494F-B8A5-6AD749F3D39A}.Debug|Any CPU.Build.0 = Debug|Any CPU
		{893A0733-C70F-494F-B8A5-6AD749F3D39A}.Release|Any CPU.ActiveCfg = Release|Any CPU
		{893A0733-C70F-494F-B8A5-6AD749F3D39A}.Release|Any CPU.Build.0 = Release|Any CPU
		{8BDCA655-E0BC-4F1E-9C96-E50DB5BD0DF5}.Debug|Any CPU.ActiveCfg = Debug|Any CPU
		{8BDCA655-E0BC-4F1E-9C96-E50DB5BD0DF5}.Debug|Any CPU.Build.0 = Debug|Any CPU
		{8BDCA655-E0BC-4F1E-9C96-E50DB5BD0DF5}.Release|Any CPU.ActiveCfg = Release|Any CPU
		{8BDCA655-E0BC-4F1E-9C96-E50DB5BD0DF5}.Release|Any CPU.Build.0 = Release|Any CPU
		{7E79A7EA-90F0-49D1-92AD-5F4AA8E1586F}.Debug|Any CPU.ActiveCfg = Debug|Any CPU
		{7E79A7EA-90F0-49D1-92AD-5F4AA8E1586F}.Debug|Any CPU.Build.0 = Debug|Any CPU
		{7E79A7EA-90F0-49D1-92AD-5F4AA8E1586F}.Release|Any CPU.ActiveCfg = Release|Any CPU
		{7E79A7EA-90F0-49D1-92AD-5F4AA8E1586F}.Release|Any CPU.Build.0 = Release|Any CPU
	EndGlobalSection
	GlobalSection(SolutionProperties) = preSolution
		HideSolutionNode = FALSE
	EndGlobalSection
	GlobalSection(ExtensibilityGlobals) = postSolution
		SolutionGuid = {C69E3DC5-55CF-4DB6-BD33-85D2B8343EC3}
	EndGlobalSection
EndGlobal
